
Microsoft Visual Studio Solution File, Format Version 12.00
# Visual Studio 15
VisualStudioVersion = 15.0.28307.136
MinimumVisualStudioVersion = 10.0.40219.1
Project("{D2ABAB84-BF74-430A-B69E-9DC6D40DDA17}") = "red_as_dw_case_details", "red_as_dw_case_details\red_as_dw_case_details.dwproj", "{411C2EC5-5963-4A6B-BA60-51DA02D6FF93}"
EndProject
Global
	GlobalSection(SolutionConfigurationPlatforms) = preSolution
		Development|Default = Development|Default
	EndGlobalSection
	GlobalSection(ProjectConfigurationPlatforms) = postSolution
		{411C2EC5-5963-4A6B-BA60-51DA02D6FF93}.Development|Default.ActiveCfg = Development
		{411C2EC5-5963-4A6B-BA60-51DA02D6FF93}.Development|Default.Build.0 = Development
		{411C2EC5-5963-4A6B-BA60-51DA02D6FF93}.Development|Default.Deploy.0 = Development
	EndGlobalSection
	GlobalSection(SolutionProperties) = preSolution
		HideSolutionNode = FALSE
	EndGlobalSection
	GlobalSection(ExtensibilityGlobals) = postSolution
		SolutionGuid = {AD64BD38-DBB4-4829-8E11-8BEEE0A283CA}
	EndGlobalSection
	GlobalSection(TeamFoundationVersionControl) = preSolution
		SccNumberOfProjects = 2
		SccEnterpriseProvider = {4CA58AB2-18FA-4F8D-95D4-32DDF27D184C}
		SccTeamFoundationServer = http://svr-liv-tfs-02:8080/tfs/defaultcollection
		SccLocalPath0 = .
		SccProjectUniqueName1 = red_as_dw_case_details\\red_as_dw_case_details.dwproj
		SccProjectName1 = red_as_dw_case_details
		SccLocalPath1 = red_as_dw_case_details
	EndGlobalSection
EndGlobal
