
Microsoft Visual Studio Solution File, Format Version 12.00
# Visual Studio 15
VisualStudioVersion = 15.0.27703.2047
MinimumVisualStudioVersion = 10.0.40219.1
Project("{D2ABAB84-BF74-430A-B69E-9DC6D40DDA17}") = "FinanceCube", "FinanceCube\FinanceCube.dwproj", "{82CDD570-1899-4644-9F27-8BD3B57B3EF9}"
EndProject
Global
	GlobalSection(SolutionConfigurationPlatforms) = preSolution
		Development|Default = Development|Default
	EndGlobalSection
	GlobalSection(ProjectConfigurationPlatforms) = postSolution
		{82CDD570-1899-4644-9F27-8BD3B57B3EF9}.Development|Default.ActiveCfg = Development
		{82CDD570-1899-4644-9F27-8BD3B57B3EF9}.Development|Default.Build.0 = Development
		{82CDD570-1899-4644-9F27-8BD3B57B3EF9}.Development|Default.Deploy.0 = Development
	EndGlobalSection
	GlobalSection(SolutionProperties) = preSolution
		HideSolutionNode = FALSE
	EndGlobalSection
	GlobalSection(ExtensibilityGlobals) = postSolution
		SolutionGuid = {BEAF2F6A-50B1-40BD-9DEC-7BFA79C99F67}
	EndGlobalSection
	GlobalSection(TeamFoundationVersionControl) = preSolution
		SccNumberOfProjects = 2
		SccEnterpriseProvider = {4CA58AB2-18FA-4F8D-95D4-32DDF27D184C}
		SccTeamFoundationServer = http://svr-liv-tfs-02:8080/tfs/defaultcollection
		SccLocalPath0 = .
		SccProjectUniqueName1 = FinanceCube\\FinanceCube.dwproj
		SccProjectName1 = FinanceCube
		SccLocalPath1 = FinanceCube
	EndGlobalSection
EndGlobal
