
Microsoft Visual Studio Solution File, Format Version 12.00
# Visual Studio 15
VisualStudioVersion = 15.0.28307.136
MinimumVisualStudioVersion = 10.0.40219.1
Project("{D2ABAB84-BF74-430A-B69E-9DC6D40DDA17}") = "Managing For Success", "Managing For Success\Managing For Success.dwproj", "{7CE8C0D9-4470-4B24-8DF8-C59A981EAF86}"
EndProject
Global
	GlobalSection(SolutionConfigurationPlatforms) = preSolution
		Development|Default = Development|Default
	EndGlobalSection
	GlobalSection(ProjectConfigurationPlatforms) = postSolution
		{7CE8C0D9-4470-4B24-8DF8-C59A981EAF86}.Development|Default.ActiveCfg = Development
		{7CE8C0D9-4470-4B24-8DF8-C59A981EAF86}.Development|Default.Build.0 = Development
		{7CE8C0D9-4470-4B24-8DF8-C59A981EAF86}.Development|Default.Deploy.0 = Development
	EndGlobalSection
	GlobalSection(SolutionProperties) = preSolution
		HideSolutionNode = FALSE
	EndGlobalSection
	GlobalSection(ExtensibilityGlobals) = postSolution
		SolutionGuid = {A6CD1CA8-32CF-4122-8DE0-B0BD7F400FF7}
	EndGlobalSection
	GlobalSection(TeamFoundationVersionControl) = preSolution
		SccNumberOfProjects = 2
		SccEnterpriseProvider = {4CA58AB2-18FA-4F8D-95D4-32DDF27D184C}
		SccTeamFoundationServer = http://svr-liv-tfs-02:8080/tfs/defaultcollection
		SccLocalPath0 = .
		SccProjectUniqueName1 = Managing\u0020For\u0020Success\\Managing\u0020For\u0020Success.dwproj
		SccProjectName1 = Managing\u0020For\u0020Success
		SccLocalPath1 = Managing\u0020For\u0020Success
	EndGlobalSection
EndGlobal
