
Microsoft Visual Studio Solution File, Format Version 12.00
# Visual Studio 15
VisualStudioVersion = 15.0.28307.136
MinimumVisualStudioVersion = 10.0.40219.1
Project("{D2ABAB84-BF74-430A-B69E-9DC6D40DDA17}") = "red_as_dw_wip", "red_as_dw_wip\red_as_dw_wip.dwproj", "{6BF7A2DC-AC40-44DD-BFD9-E1EBE7426CF4}"
EndProject
Global
	GlobalSection(SolutionConfigurationPlatforms) = preSolution
		Development|Default = Development|Default
	EndGlobalSection
	GlobalSection(ProjectConfigurationPlatforms) = postSolution
		{6BF7A2DC-AC40-44DD-BFD9-E1EBE7426CF4}.Development|Default.ActiveCfg = Development
		{6BF7A2DC-AC40-44DD-BFD9-E1EBE7426CF4}.Development|Default.Build.0 = Development
		{6BF7A2DC-AC40-44DD-BFD9-E1EBE7426CF4}.Development|Default.Deploy.0 = Development
	EndGlobalSection
	GlobalSection(SolutionProperties) = preSolution
		HideSolutionNode = FALSE
	EndGlobalSection
	GlobalSection(ExtensibilityGlobals) = postSolution
		SolutionGuid = {02EBB02A-DE6E-4CC1-8481-BEC63842FD74}
	EndGlobalSection
	GlobalSection(TeamFoundationVersionControl) = preSolution
		SccNumberOfProjects = 2
		SccEnterpriseProvider = {4CA58AB2-18FA-4F8D-95D4-32DDF27D184C}
		SccTeamFoundationServer = http://svr-liv-tfs-02:8080/tfs/defaultcollection
		SccLocalPath0 = .
		SccProjectUniqueName1 = red_as_dw_wip\\red_as_dw_wip.dwproj
		SccProjectName1 = red_as_dw_wip
		SccLocalPath1 = red_as_dw_wip
	EndGlobalSection
EndGlobal
