
Microsoft Visual Studio Solution File, Format Version 12.00
# Visual Studio 15
VisualStudioVersion = 15.0.28307.136
MinimumVisualStudioVersion = 10.0.40219.1
Project("{D2ABAB84-BF74-430A-B69E-9DC6D40DDA17}") = "red_as_bsc", "red_as_bsc\red_as_bsc.dwproj", "{01191884-D03D-4D83-AAD7-5BB2D32E89F7}"
EndProject
Global
	GlobalSection(SolutionConfigurationPlatforms) = preSolution
		Development|Default = Development|Default
	EndGlobalSection
	GlobalSection(ProjectConfigurationPlatforms) = postSolution
		{01191884-D03D-4D83-AAD7-5BB2D32E89F7}.Development|Default.ActiveCfg = Development
		{01191884-D03D-4D83-AAD7-5BB2D32E89F7}.Development|Default.Build.0 = Development
		{01191884-D03D-4D83-AAD7-5BB2D32E89F7}.Development|Default.Deploy.0 = Development
	EndGlobalSection
	GlobalSection(SolutionProperties) = preSolution
		HideSolutionNode = FALSE
	EndGlobalSection
	GlobalSection(ExtensibilityGlobals) = postSolution
		SolutionGuid = {BDF123D4-FF57-45EB-AB60-6D502C968800}
	EndGlobalSection
	GlobalSection(TeamFoundationVersionControl) = preSolution
		SccNumberOfProjects = 2
		SccEnterpriseProvider = {4CA58AB2-18FA-4F8D-95D4-32DDF27D184C}
		SccTeamFoundationServer = http://svr-liv-tfs-02:8080/tfs/defaultcollection
		SccLocalPath0 = .
		SccProjectUniqueName1 = red_as_bsc\\red_as_bsc.dwproj
		SccProjectName1 = red_as_bsc
		SccLocalPath1 = red_as_bsc
	EndGlobalSection
EndGlobal
